
Microsoft Visual Studio Solution File, Format Version 12.00
# Visual Studio Version 16
VisualStudioVersion = 16.0.31911.196
MinimumVisualStudioVersion = 10.0.40219.1
Project("{FAE04EC0-301F-11D3-BF4B-00C04F79EFBC}") = "ClientReservasi-082", "ClientReservasi-082\ClientReservasi-082.csproj", "{1B516200-0685-4627-BEB1-99CC52A0729C}"
EndProject
Global
	GlobalSection(SolutionConfigurationPlatforms) = preSolution
		Debug|Any CPU = Debug|Any CPU
		Release|Any CPU = Release|Any CPU
	EndGlobalSection
	GlobalSection(ProjectConfigurationPlatforms) = postSolution
		{1B516200-0685-4627-BEB1-99CC52A0729C}.Debug|Any CPU.ActiveCfg = Debug|Any CPU
		{1B516200-0685-4627-BEB1-99CC52A0729C}.Debug|Any CPU.Build.0 = Debug|Any CPU
		{1B516200-0685-4627-BEB1-99CC52A0729C}.Release|Any CPU.ActiveCfg = Release|Any CPU
		{1B516200-0685-4627-BEB1-99CC52A0729C}.Release|Any CPU.Build.0 = Release|Any CPU
	EndGlobalSection
	GlobalSection(SolutionProperties) = preSolution
		HideSolutionNode = FALSE
	EndGlobalSection
	GlobalSection(ExtensibilityGlobals) = postSolution
		SolutionGuid = {00601650-F38A-4793-9B2F-93509C466C73}
	EndGlobalSection
EndGlobal
